lockfile_version: '1'
generated_at: '2026-05-10T08:43:43.937475+00:00'
apm_version: 0.12.4
dependencies:
- repo_url: mizchi/skills
  host: github.com
  resolved_commit: e670f37b780bf9d4767c43c8192eff77aa8eba2c
  virtual_path: apm-usage
  is_virtual: true
  package_type: claude_skill
  deployed_files:
  - .agents/skills/apm-usage
  - .claude/skills/apm-usage
  content_hash: sha256:abb6cc4892713ed3d3976d05b5445566cfe22fa54f8d7db225bc6de3b9331976
- repo_url: mizchi/skills
  host: github.com
  resolved_commit: e670f37b780bf9d4767c43c8192eff77aa8eba2c
  virtual_path: gh-fix-ci
  is_virtual: true
  package_type: claude_skill
  deployed_files:
  - .agents/skills/gh-fix-ci
  - .claude/skills/gh-fix-ci
  content_hash: sha256:31de91ad0adfc38db5474ea69c03ce1dcc4b993a4b46e5e6c285dab423eb1d00
- repo_url: mizchi/skills
  host: github.com
  resolved_commit: e670f37b780bf9d4767c43c8192eff77aa8eba2c
  virtual_path: moonbit-practice
  is_virtual: true
  package_type: claude_skill
  deployed_files:
  - .agents/skills/moonbit-practice
  - .claude/skills/moonbit-practice
  content_hash: sha256:aaa7bfce94c3cb1bff9c2199423f26c345b99eb281ffb109574187725b0ea317
- repo_url: mizchi/skills
  host: github.com
  resolved_commit: e670f37b780bf9d4767c43c8192eff77aa8eba2c
  virtual_path: skill-selector
  is_virtual: true
  package_type: claude_skill
  deployed_files:
  - .agents/skills/skill-selector
  - .claude/skills/skill-selector
  content_hash: sha256:00ccf27a6e2685c6477b0e33deccb80d9242b6dc35c2ef3b504652d20f737425
- repo_url: moonbitlang/moonbit-agent-guide
  host: github.com
  resolved_commit: a5c40accf4bacbcae3300fbb8b60d8d01e31d611
  virtual_path: moonbit-agent-guide
  is_virtual: true
  package_type: claude_skill
  deployed_files:
  - .agents/skills/moonbit-agent-guide
  - .claude/skills/moonbit-agent-guide
  content_hash: sha256:b8aa5afbbf7abfcd35c14fea97e8255f96d15b67a5b3b19d8508d1dac2bb7b6a
